
Microsoft Visual Studio Solution File, Format Version 12.00
# Visual Studio Version 17
VisualStudioVersion = 17.10.35122.118
MinimumVisualStudioVersion = 10.0.40219.1
Project("{FAE04EC0-301F-11D3-BF4B-00C04F79EFBC}") = "TeiaAPI", "TeiaAPI.csproj", "{894AF487-6E9F-4338-BE28-70EA382D3521}"
EndProject
Global
	GlobalSection(SolutionConfigurationPlatforms) = preSolution
		Debug|Any CPU = Debug|Any CPU
		Release|Any CPU = Release|Any CPU
	EndGlobalSection
	GlobalSection(ProjectConfigurationPlatforms) = postSolution
		{894AF487-6E9F-4338-BE28-70EA382D3521}.Debug|Any CPU.ActiveCfg = Debug|Any CPU
		{894AF487-6E9F-4338-BE28-70EA382D3521}.Debug|Any CPU.Build.0 = Debug|Any CPU
		{894AF487-6E9F-4338-BE28-70EA382D3521}.Release|Any CPU.ActiveCfg = Release|Any CPU
		{894AF487-6E9F-4338-BE28-70EA382D3521}.Release|Any CPU.Build.0 = Release|Any CPU
	EndGlobalSection
	GlobalSection(SolutionProperties) = preSolution
		HideSolutionNode = FALSE
	EndGlobalSection
	GlobalSection(ExtensibilityGlobals) = postSolution
		SolutionGuid = {4C1979D7-3B9A-434C-91D0-80416BFD03D0}
	EndGlobalSection
EndGlobal
